// !$*UTF8*$!
{
	archiveVersion = 1;
	classes = {
	};
	objectVersion = 50;
	objects = {

/* Begin PBXBuildFile section */
		FEF3818F25954E4A003CAFEE /* CryptoCoinApp.swift in Sources */ = {isa = PBXBuildFile; fileRef = FEF3818E25954E4A003CAFEE /* CryptoCoinApp.swift */; };
		FEF3819125954E4A003CAFEE /* CoinListView.swift in Sources */ = {isa = PBXBuildFile; fileRef = FEF3819025954E4A003CAFEE /* CoinListView.swift */; };
		FEF3819325954E4C003CAFEE /* Assets.xcassets in Resources */ = {isa = PBXBuildFile; fileRef = FEF3819225954E4C003CAFEE /* Assets.xcassets */; };
		FEF3819625954E4C003CAFEE /* Preview Assets.xcassets in Resources */ = {isa = PBXBuildFile; fileRef = FEF3819525954E4C003CAFEE /* Preview Assets.xcassets */; };
		FEF381A325954EB1003CAFEE /* CoinListViewModel.swift in Sources */ = {isa = PBXBuildFile; fileRef = FEF381A225954EB1003CAFEE /* CoinListViewModel.swift */; };
		FEF381A825954EC7003CAFEE /* CryptoService.swift in Sources */ = {isa = PBXBuildFile; fileRef = FEF381A725954EC7003CAFEE /* CryptoService.swift */; };
		FEF381AE25954EEA003CAFEE /* CoinModel.swift in Sources */ = {isa = PBXBuildFile; fileRef = FEF381AD25954EEA003CAFEE /* CoinModel.swift */; };
		FEF381B125954F22003CAFEE /* CoinViewModel.swift in Sources */ = {isa = PBXBuildFile; fileRef = FEF381B025954F22003CAFEE /* CoinViewModel.swift */; };
/* End PBXBuildFile section */

/* Begin PBXFileReference section */
		FEF3818B25954E4A003CAFEE /* CryptoCoin.app */ = {isa = PBXFileReference; explicitFileType = wrapper.application; includeInIndex = 0; path = CryptoCoin.app; sourceTree = BUILT_PRODUCTS_DIR; };
		FEF3818E25954E4A003CAFEE /* CryptoCoinApp.swift */ = {isa = PBXFileReference; lastKnownFileType = sourcecode.swift; path = CryptoCoinApp.swift; sourceTree = "<group>"; };
		FEF3819025954E4A003CAFEE /* CoinListView.swift */ = {isa = PBXFileReference; lastKnownFileType = sourcecode.swift; path = CoinListView.swift; sourceTree = "<group>"; };
		FEF3819225954E4C003CAFEE /* Assets.xcassets */ = {isa = PBXFileReference; lastKnownFileType = folder.assetcatalog; path = Assets.xcassets; sourceTree = "<group>"; };
		FEF3819525954E4C003CAFEE /* Preview Assets.xcassets */ = {isa = PBXFileReference; lastKnownFileType = folder.assetcatalog; path = "Preview Assets.xcassets"; sourceTree = "<group>"; };
		FEF3819725954E4C003CAFEE /* Info.plist */ = {isa = PBXFileReference; lastKnownFileType = text.plist.xml; path = Info.plist; sourceTree = "<group>"; };
		FEF381A225954EB1003CAFEE /* CoinListViewModel.swift */ = {isa = PBXFileReference; lastKnownFileType = sourcecode.swift; path = CoinListViewModel.swift; sourceTree = "<group>"; };
		FEF381A725954EC7003CAFEE /* CryptoService.swift */ = {isa = PBXFileReference; lastKnownFileType = sourcecode.swift; path = CryptoService.swift; sourceTree = "<group>"; };
		FEF381AD25954EEA003CAFEE /* CoinModel.swift */ = {isa = PBXFileReference; lastKnownFileType = sourcecode.swift; path = CoinModel.swift; sourceTree = "<group>"; };
		FEF381B025954F22003CAFEE /* CoinViewModel.swift */ = {isa = PBXFileReference; lastKnownFileType = sourcecode.swift; path = CoinViewModel.swift; sourceTree = "<group>"; };
/* End PBXFileReference section */

/* Begin PBXFrameworksBuildPhase section */
		FEF3818825954E4A003CAFEE /* Frameworks */ = {
			isa = PBXFrameworksBuildPhase;
			buildActionMask = 2147483647;
			files = (
			);
			runOnlyForDeploymentPostprocessing = 0;
		};
/* End PBXFrameworksBuildPhase section */

/* Begin PBXGroup section */
		FEF3818225954E4A003CAFEE = {
			isa = PBXGroup;
			children = (
				FEF3818D25954E4A003CAFEE /* CryptoCoin */,
				FEF3818C25954E4A003CAFEE /* Products */,
			);
			sourceTree = "<group>";
		};
		FEF3818C25954E4A003CAFEE /* Products */ = {
			isa = PBXGroup;
			children = (
				FEF3818B25954E4A003CAFEE /* CryptoCoin.app */,
			);
			name = Products;
			sourceTree = "<group>";
		};
		FEF3818D25954E4A003CAFEE /* CryptoCoin */ = {
			isa = PBXGroup;
			children = (
				FEF381A625954EB6003CAFEE /* Services */,
				FEF3819F25954E74003CAFEE /* Model */,
				FEF381A025954E7A003CAFEE /* View */,
				FEF381A125954E84003CAFEE /* ViewModel */,
				FEF3818E25954E4A003CAFEE /* CryptoCoinApp.swift */,
				FEF3819225954E4C003CAFEE /* Assets.xcassets */,
				FEF3819725954E4C003CAFEE /* Info.plist */,
				FEF3819425954E4C003CAFEE /* Preview Content */,
			);
			path = CryptoCoin;
			sourceTree = "<group>";
		};
		FEF3819425954E4C003CAFEE /* Preview Content */ = {
			isa = PBXGroup;
			children = (
				FEF3819525954E4C003CAFEE /* Preview Assets.xcassets */,
			);
			path = "Preview Content";
			sourceTree = "<group>";
		};
		FEF3819F25954E74003CAFEE /* Model */ = {
			isa = PBXGroup;
			children = (
				FEF381AD25954EEA003CAFEE /* CoinModel.swift */,
			);
			path = Model;
			sourceTree = "<group>";
		};
		FEF381A025954E7A003CAFEE /* View */ = {
			isa = PBXGroup;
			children = (
				FEF3819025954E4A003CAFEE /* CoinListView.swift */,
			);
			path = View;
			sourceTree = "<group>";
		};
		FEF381A125954E84003CAFEE /* ViewModel */ = {
			isa = PBXGroup;
			children = (
				FEF381A225954EB1003CAFEE /* CoinListViewModel.swift */,
				FEF381B025954F22003CAFEE /* CoinViewModel.swift */,
			);
			path = ViewModel;
			sourceTree = "<group>";
		};
		FEF381A625954EB6003CAFEE /* Services */ = {
			isa = PBXGroup;
			children = (
				FEF381A725954EC7003CAFEE /* CryptoService.swift */,
			);
			path = Services;
			sourceTree = "<group>";
		};
/* End PBXGroup section */

/* Begin PBXNativeTarget section */
		FEF3818A25954E4A003CAFEE /* CryptoCoin */ = {
			isa = PBXNativeTarget;
			buildConfigurationList = FEF3819A25954E4C003CAFEE /* Build configuration list for PBXNativeTarget "CryptoCoin" */;
			buildPhases = (
				FEF3818725954E4A003CAFEE /* Sources */,
				FEF3818825954E4A003CAFEE /* Frameworks */,
				FEF3818925954E4A003CAFEE /* Resources */,
			);
			buildRules = (
			);
			dependencies = (
			);
			name = CryptoCoin;
			productName = CryptoCoin;
			productReference = FEF3818B25954E4A003CAFEE /* CryptoCoin.app */;
			productType = "com.apple.product-type.application";
		};
/* End PBXNativeTarget section */

/* Begin PBXProject section */
		FEF3818325954E4A003CAFEE /* Project object */ = {
			isa = PBXProject;
			attributes = {
				LastSwiftUpdateCheck = 1230;
				LastUpgradeCheck = 1230;
				TargetAttributes = {
					FEF3818A25954E4A003CAFEE = {
						CreatedOnToolsVersion = 12.3;
					};
				};
			};
			buildConfigurationList = FEF3818625954E4A003CAFEE /* Build configuration list for PBXProject "CryptoCoin" */;
			compatibilityVersion = "Xcode 9.3";
			developmentRegion = en;
			hasScannedForEncodings = 0;
			knownRegions = (
				en,
				Base,
			);
			mainGroup = FEF3818225954E4A003CAFEE;
			productRefGroup = FEF3818C25954E4A003CAFEE /* Products */;
			projectDirPath = "";
			projectRoot = "";
			targets = (
				FEF3818A25954E4A003CAFEE /* CryptoCoin */,
			);
		};
/* End PBXProject section */

/* Begin PBXResourcesBuildPhase section */
		FEF3818925954E4A003CAFEE /* Resources */ = {
			isa = PBXResourcesBuildPhase;
			buildActionMask = 2147483647;
			files = (
				FEF3819625954E4C003CAFEE /* Preview Assets.xcassets in Resources */,
				FEF3819325954E4C003CAFEE /* Assets.xcassets in Resources */,
			);
			runOnlyForDeploymentPostprocessing = 0;
		};
/* End PBXResourcesBuildPhase section */

/* Begin PBXSourcesBuildPhase section */
		FEF3818725954E4A003CAFEE /* Sources */ = {
			isa = PBXSourcesBuildPhase;
			buildActionMask = 2147483647;
			files = (
				FEF381A825954EC7003CAFEE /* CryptoService.swift in Sources */,
				FEF381A325954EB1003CAFEE /* CoinListViewModel.swift in Sources */,
				FEF381B125954F22003CAFEE /* CoinViewModel.swift in Sources */,
				FEF3819125954E4A003CAFEE /* CoinListView.swift in Sources */,
				FEF381AE25954EEA003CAFEE /* CoinModel.swift in Sources */,
				FEF3818F25954E4A003CAFEE /* CryptoCoinApp.swift in Sources */,
			);
			runOnlyForDeploymentPostprocessing = 0;
		};
/* End PBXSourcesBuildPhase section */

/* Begin XCBuildConfiguration section */
		FEF3819825954E4C003CAFEE /* Debug */ = {
			isa = XCBuildConfiguration;
			buildSettings = {
				ALWAYS_SEARCH_USER_PATHS = NO;
				CLANG_ANALYZER_NONNULL = YES;
				CLANG_ANALYZER_NUMBER_OBJECT_CONVERSION = YES_AGGRESSIVE;
				CLANG_CXX_LANGUAGE_STANDARD = "gnu++14";
				CLANG_CXX_LIBRARY = "libc++";
				CLANG_ENABLE_MODULES = YES;
				CLANG_ENABLE_OBJC_ARC = YES;
				CLANG_ENABLE_OBJC_WEAK = YES;
				CLANG_WARN_BLOCK_CAPTURE_AUTORELEASING = YES;
				CLANG_WARN_BOOL_CONVERSION = YES;
				CLANG_WARN_COMMA = YES;
				CLANG_WARN_CONSTANT_CONVERSION = YES;
				CLANG_WARN_DEPRECATED_OBJC_IMPLEMENTATIONS = YES;
				CLANG_WARN_DIRECT_OBJC_ISA_USAGE = YES_ERROR;
				CLANG_WARN_DOCUMENTATION_COMMENTS = YES;
				CLANG_WARN_EMPTY_BODY = YES;
				CLANG_WARN_ENUM_CONVERSION = YES;
				CLANG_WARN_INFINITE_RECURSION = YES;
				CLANG_WARN_INT_CONVERSION = YES;
				CLANG_WARN_NON_LITERAL_NULL_CONVERSION = YES;
				CLANG_WARN_OBJC_IMPLICIT_RETAIN_SELF = YES;
				CLANG_WARN_OBJC_LITERAL_CONVERSION = YES;
				CLANG_WARN_OBJC_ROOT_CLASS = YES_ERROR;
				CLANG_WARN_QUOTED_INCLUDE_IN_FRAMEWORK_HEADER = YES;
				CLANG_WARN_RANGE_LOOP_ANALYSIS = YES;
				CLANG_WARN_STRICT_PROTOTYPES = YES;
				CLANG_WARN_SUSPICIOUS_MOVE = YES;
				CLANG_WARN_UNGUARDED_AVAILABILITY = YES_AGGRESSIVE;
				CLANG_WARN_UNREACHABLE_CODE = YES;
				CLANG_WARN__DUPLICATE_METHOD_MATCH = YES;
				COPY_PHASE_STRIP = NO;
				DEBUG_INFORMATION_FORMAT = dwarf;
				ENABLE_STRICT_OBJC_MSGSEND = YES;
				ENABLE_TESTABILITY = YES;
				GCC_C_LANGUAGE_STANDARD = gnu11;
				GCC_DYNAMIC_NO_PIC = NO;
				GCC_NO_COMMON_BLOCKS = YES;
				GCC_OPTIMIZATION_LEVEL = 0;
				GCC_PREPROCESSOR_DEFINITIONS = (
					"DEBUG=1",
					"$(inherited)",
				);
				GCC_WARN_64_TO_32_BIT_CONVERSION = YES;
				GCC_WARN_ABOUT_RETURN_TYPE = YES_ERROR;
				GCC_WARN_UNDECLARED_SELECTOR = YES;
				GCC_WARN_UNINITIALIZED_AUTOS = YES_AGGRESSIVE;
				GCC_WARN_UNUSED_FUNCTION = YES;
				GCC_WARN_UNUSED_VARIABLE = YES;
				IPHONEOS_DEPLOYMENT_TARGET = 14.3;
				MTL_ENABLE_DEBUG_INFO = INCLUDE_SOURCE;
				MTL_FAST_MATH = YES;
				ONLY_ACTIVE_ARCH = YES;
				SDKROOT = iphoneos;
				SWIFT_ACTIVE_COMPILATION_CONDITIONS = DEBUG;
				SWIFT_OPTIMIZATION_LEVEL = "-Onone";
			};
			name = Debug;
		};
		FEF3819925954E4C003CAFEE /* Release */ = {
			isa = XCBuildConfiguration;
			buildSettings = {
				ALWAYS_SEARCH_USER_PATHS = NO;
				CLANG_ANALYZER_NONNULL = YES;
				CLANG_ANALYZER_NUMBER_OBJECT_CONVERSION = YES_AGGRESSIVE;
				CLANG_CXX_LANGUAGE_STANDARD = "gnu++14";
				CLANG_CXX_LIBRARY = "libc++";
				CLANG_ENABLE_MODULES = YES;
				CLANG_ENABLE_OBJC_ARC = YES;
				CLANG_ENABLE_OBJC_WEAK = YES;
				CLANG_WARN_BLOCK_CAPTURE_AUTORELEASING = YES;
				CLANG_WARN_BOOL_CONVERSION = YES;
				CLANG_WARN_COMMA = YES;
				CLANG_WARN_CONSTANT_CONVERSION = YES;
				CLANG_WARN_DEPRECATED_OBJC_IMPLEMENTATIONS = YES;
				CLANG_WARN_DIRECT_OBJC_ISA_USAGE = YES_ERROR;
				CLANG_WARN_DOCUMENTATION_COMMENTS = YES;
				CLANG_WARN_EMPTY_BODY = YES;
				CLANG_WARN_ENUM_CONVERSION = YES;
				CLANG_WARN_INFINITE_RECURSION = YES;
				CLANG_WARN_INT_CONVERSION = YES;
				CLANG_WARN_NON_LITERAL_NULL_CONVERSION = YES;
				CLANG_WARN_OBJC_IMPLICIT_RETAIN_SELF = YES;
				CLANG_WARN_OBJC_LITERAL_CONVERSION = YES;
				CLANG_WARN_OBJC_ROOT_CLASS = YES_ERROR;
				CLANG_WARN_QUOTED_INCLUDE_IN_FRAMEWORK_HEADER = YES;
				CLANG_WARN_RANGE_LOOP_ANALYSIS = YES;
				CLANG_WARN_STRICT_PROTOTYPES = YES;
				CLANG_WARN_SUSPICIOUS_MOVE = YES;
				CLANG_WARN_UNGUARDED_AVAILABILITY = YES_AGGRESSIVE;
				CLANG_WARN_UNREACHABLE_CODE = YES;
				CLANG_WARN__DUPLICATE_METHOD_MATCH = YES;
				COPY_PHASE_STRIP = NO;
				DEBUG_INFORMATION_FORMAT = "dwarf-with-dsym";
				ENABLE_NS_ASSERTIONS = NO;
				ENABLE_STRICT_OBJC_MSGSEND = YES;
				GCC_C_LANGUAGE_STANDARD = gnu11;
				GCC_NO_COMMON_BLOCKS = YES;
				GCC_WARN_64_TO_32_BIT_CONVERSION = YES;
				GCC_WARN_ABOUT_RETURN_TYPE = YES_ERROR;
				GCC_WARN_UNDECLARED_SELECTOR = YES;
				GCC_WARN_UNINITIALIZED_AUTOS = YES_AGGRESSIVE;
				GCC_WARN_UNUSED_FUNCTION = YES;
				GCC_WARN_UNUSED_VARIABLE = YES;
				IPHONEOS_DEPLOYMENT_TARGET = 14.3;
				MTL_ENABLE_DEBUG_INFO = NO;
				MTL_FAST_MATH = YES;
				SDKROOT = iphoneos;
				SWIFT_COMPILATION_MODE = wholemodule;
				SWIFT_OPTIMIZATION_LEVEL = "-O";
				VALIDATE_PRODUCT = YES;
			};
			name = Release;
		};
		FEF3819B25954E4C003CAFEE /* Debug */ = {
			isa = XCBuildConfiguration;
			buildSettings = {
				ASSETCATALOG_COMPILER_APPICON_NAME = AppIcon;
				ASSETCATALOG_COMPILER_GLOBAL_ACCENT_COLOR_NAME = AccentColor;
				CODE_SIGN_STYLE = Automatic;
				DEVELOPMENT_ASSET_PATHS = "\"CryptoCoin/Preview Content\"";
				DEVELOPMENT_TEAM = NJVB322UA6;
				ENABLE_PREVIEWS = YES;
				INFOPLIST_FILE = CryptoCoin/Info.plist;
				IPHONEOS_DEPLOYMENT_TARGET = 14.0;
				LD_RUNPATH_SEARCH_PATHS = (
					"$(inherited)",
					"@executable_path/Frameworks",
				);
				PRODUCT_BUNDLE_IDENTIFIER = com.prashuk.CryptoCoin;
				PRODUCT_NAME = "$(TARGET_NAME)";
				SWIFT_VERSION = 5.0;
				TARGETED_DEVICE_FAMILY = "1,2";
			};
			name = Debug;
		};
		FEF3819C25954E4C003CAFEE /* Release */ = {
			isa = XCBuildConfiguration;
			buildSettings = {
				ASSETCATALOG_COMPILER_APPICON_NAME = AppIcon;
				ASSETCATALOG_COMPILER_GLOBAL_ACCENT_COLOR_NAME = AccentColor;
				CODE_SIGN_STYLE = Automatic;
				DEVELOPMENT_ASSET_PATHS = "\"CryptoCoin/Preview Content\"";
				DEVELOPMENT_TEAM = NJVB322UA6;
				ENABLE_PREVIEWS = YES;
				INFOPLIST_FILE = CryptoCoin/Info.plist;
				IPHONEOS_DEPLOYMENT_TARGET = 14.0;
				LD_RUNPATH_SEARCH_PATHS = (
					"$(inherited)",
					"@executable_path/Frameworks",
				);
				PRODUCT_BUNDLE_IDENTIFIER = com.prashuk.CryptoCoin;
				PRODUCT_NAME = "$(TARGET_NAME)";
				SWIFT_VERSION = 5.0;
				TARGETED_DEVICE_FAMILY = "1,2";
			};
			name = Release;
		};
/* End XCBuildConfiguration section */

/* Begin XCConfigurationList section */
		FEF3818625954E4A003CAFEE /* Build configuration list for PBXProject "CryptoCoin" */ = {
			isa = XCConfigurationList;
			buildConfigurations = (
				FEF3819825954E4C003CAFEE /* Debug */,
				FEF3819925954E4C003CAFEE /* Release */,
			);
			defaultConfigurationIsVisible = 0;
			defaultConfigurationName = Release;
		};
		FEF3819A25954E4C003CAFEE /* Build configuration list for PBXNativeTarget "CryptoCoin" */ = {
			isa = XCConfigurationList;
			buildConfigurations = (
				FEF3819B25954E4C003CAFEE /* Debug */,
				FEF3819C25954E4C003CAFEE /* Release */,
			);
			defaultConfigurationIsVisible = 0;
			defaultConfigurationName = Release;
		};
/* End XCConfigurationList section */
	};
	rootObject = FEF3818325954E4A003CAFEE /* Project object */;
}
